
Microsoft Visual Studio Solution File, Format Version 12.00
# Visual Studio Version 16
VisualStudioVersion = 16.0.31424.327
MinimumVisualStudioVersion = 10.0.40219.1
Project("{FAE04EC0-301F-11D3-BF4B-00C04F79EFBC}") = "Weather App.Android", "Weather App\Weather App.Android\Weather App.Android.csproj", "{C42E3F0A-A78A-4CCD-9659-C99C748FC365}"
EndProject
Project("{FAE04EC0-301F-11D3-BF4B-00C04F79EFBC}") = "Weather App.iOS", "Weather App\Weather App.iOS\Weather App.iOS.csproj", "{7BCFDED9-4245-4BFA-888F-27A9CDFCCB2E}"
EndProject
Project("{FAE04EC0-301F-11D3-BF4B-00C04F79EFBC}") = "Weather App", "Weather App\Weather App\Weather App.csproj", "{34DC97FD-1DC7-440E-B1FF-481E82FB5685}"
EndProject
Global
	GlobalSection(SolutionConfigurationPlatforms) = preSolution
		Debug|Any CPU = Debug|Any CPU
		Debug|iPhone = Debug|iPhone
		Debug|iPhoneSimulator = Debug|iPhoneSimulator
		Release|Any CPU = Release|Any CPU
		Release|iPhone = Release|iPhone
		Release|iPhoneSimulator = Release|iPhoneSimulator
	EndGlobalSection
	GlobalSection(ProjectConfigurationPlatforms) = postSolution
		{C42E3F0A-A78A-4CCD-9659-C99C748FC365}.Debug|Any CPU.ActiveCfg = Debug|Any CPU
		{C42E3F0A-A78A-4CCD-9659-C99C748FC365}.Debug|Any CPU.Build.0 = Debug|Any CPU
		{C42E3F0A-A78A-4CCD-9659-C99C748FC365}.Debug|Any CPU.Deploy.0 = Debug|Any CPU
		{C42E3F0A-A78A-4CCD-9659-C99C748FC365}.Debug|iPhone.ActiveCfg = Debug|Any CPU
		{C42E3F0A-A78A-4CCD-9659-C99C748FC365}.Debug|iPhone.Build.0 = Debug|Any CPU
		{C42E3F0A-A78A-4CCD-9659-C99C748FC365}.Debug|iPhone.Deploy.0 = Debug|Any CPU
		{C42E3F0A-A78A-4CCD-9659-C99C748FC365}.Debug|iPhoneSimulator.ActiveCfg = Debug|Any CPU
		{C42E3F0A-A78A-4CCD-9659-C99C748FC365}.Debug|iPhoneSimulator.Build.0 = Debug|Any CPU
		{C42E3F0A-A78A-4CCD-9659-C99C748FC365}.Debug|iPhoneSimulator.Deploy.0 = Debug|Any CPU
		{C42E3F0A-A78A-4CCD-9659-C99C748FC365}.Release|Any CPU.ActiveCfg = Release|Any CPU
		{C42E3F0A-A78A-4CCD-9659-C99C748FC365}.Release|Any CPU.Build.0 = Release|Any CPU
		{C42E3F0A-A78A-4CCD-9659-C99C748FC365}.Release|Any CPU.Deploy.0 = Release|Any CPU
		{C42E3F0A-A78A-4CCD-9659-C99C748FC365}.Release|iPhone.ActiveCfg = Release|Any CPU
		{C42E3F0A-A78A-4CCD-9659-C99C748FC365}.Release|iPhone.Build.0 = Release|Any CPU
		{C42E3F0A-A78A-4CCD-9659-C99C748FC365}.Release|iPhone.Deploy.0 = Release|Any CPU
		{C42E3F0A-A78A-4CCD-9659-C99C748FC365}.Release|iPhoneSimulator.ActiveCfg = Release|Any CPU
		{C42E3F0A-A78A-4CCD-9659-C99C748FC365}.Release|iPhoneSimulator.Build.0 = Release|Any CPU
		{C42E3F0A-A78A-4CCD-9659-C99C748FC365}.Release|iPhoneSimulator.Deploy.0 = Release|Any CPU
		{7BCFDED9-4245-4BFA-888F-27A9CDFCCB2E}.Debug|Any CPU.ActiveCfg = Debug|iPhone
		{7BCFDED9-4245-4BFA-888F-27A9CDFCCB2E}.Debug|Any CPU.Build.0 = Debug|iPhone
		{7BCFDED9-4245-4BFA-888F-27A9CDFCCB2E}.Debug|Any CPU.Deploy.0 = Debug|iPhone
		{7BCFDED9-4245-4BFA-888F-27A9CDFCCB2E}.Debug|iPhone.ActiveCfg = Debug|iPhone
		{7BCFDED9-4245-4BFA-888F-27A9CDFCCB2E}.Debug|iPhone.Build.0 = Debug|iPhone
		{7BCFDED9-4245-4BFA-888F-27A9CDFCCB2E}.Debug|iPhone.Deploy.0 = Debug|iPhone
		{7BCFDED9-4245-4BFA-888F-27A9CDFCCB2E}.Debug|iPhoneSimulator.ActiveCfg = Debug|iPhoneSimulator
		{7BCFDED9-4245-4BFA-888F-27A9CDFCCB2E}.Debug|iPhoneSimulator.Build.0 = Debug|iPhoneSimulator
		{7BCFDED9-4245-4BFA-888F-27A9CDFCCB2E}.Debug|iPhoneSimulator.Deploy.0 = Debug|iPhoneSimulator
		{7BCFDED9-4245-4BFA-888F-27A9CDFCCB2E}.Release|Any CPU.ActiveCfg = Release|iPhoneSimulator
		{7BCFDED9-4245-4BFA-888F-27A9CDFCCB2E}.Release|Any CPU.Build.0 = Release|iPhoneSimulator
		{7BCFDED9-4245-4BFA-888F-27A9CDFCCB2E}.Release|Any CPU.Deploy.0 = Release|iPhoneSimulator
		{7BCFDED9-4245-4BFA-888F-27A9CDFCCB2E}.Release|iPhone.ActiveCfg = Release|iPhone
		{7BCFDED9-4245-4BFA-888F-27A9CDFCCB2E}.Release|iPhone.Build.0 = Release|iPhone
		{7BCFDED9-4245-4BFA-888F-27A9CDFCCB2E}.Release|iPhone.Deploy.0 = Release|iPhone
		{7BCFDED9-4245-4BFA-888F-27A9CDFCCB2E}.Release|iPhoneSimulator.ActiveCfg = Release|iPhoneSimulator
		{7BCFDED9-4245-4BFA-888F-27A9CDFCCB2E}.Release|iPhoneSimulator.Build.0 = Release|iPhoneSimulator
		{7BCFDED9-4245-4BFA-888F-27A9CDFCCB2E}.Release|iPhoneSimulator.Deploy.0 = Release|iPhoneSimulator
		{34DC97FD-1DC7-440E-B1FF-481E82FB5685}.Debug|Any CPU.ActiveCfg = Debug|Any CPU
		{34DC97FD-1DC7-440E-B1FF-481E82FB5685}.Debug|Any CPU.Build.0 = Debug|Any CPU
		{34DC97FD-1DC7-440E-B1FF-481E82FB5685}.Debug|Any CPU.Deploy.0 = Debug|Any CPU
		{34DC97FD-1DC7-440E-B1FF-481E82FB5685}.Debug|iPhone.ActiveCfg = Debug|Any CPU
		{34DC97FD-1DC7-440E-B1FF-481E82FB5685}.Debug|iPhone.Build.0 = Debug|Any CPU
		{34DC97FD-1DC7-440E-B1FF-481E82FB5685}.Debug|iPhone.Deploy.0 = Debug|Any CPU
		{34DC97FD-1DC7-440E-B1FF-481E82FB5685}.Debug|iPhoneSimulator.ActiveCfg = Debug|Any CPU
		{34DC97FD-1DC7-440E-B1FF-481E82FB5685}.Debug|iPhoneSimulator.Build.0 = Debug|Any CPU
		{34DC97FD-1DC7-440E-B1FF-481E82FB5685}.Debug|iPhoneSimulator.Deploy.0 = Debug|Any CPU
		{34DC97FD-1DC7-440E-B1FF-481E82FB5685}.Release|Any CPU.ActiveCfg = Release|Any CPU
		{34DC97FD-1DC7-440E-B1FF-481E82FB5685}.Release|Any CPU.Build.0 = Release|Any CPU
		{34DC97FD-1DC7-440E-B1FF-481E82FB5685}.Release|Any CPU.Deploy.0 = Release|Any CPU
		{34DC97FD-1DC7-440E-B1FF-481E82FB5685}.Release|iPhone.ActiveCfg = Release|Any CPU
		{34DC97FD-1DC7-440E-B1FF-481E82FB5685}.Release|iPhone.Build.0 = Release|Any CPU
		{34DC97FD-1DC7-440E-B1FF-481E82FB5685}.Release|iPhone.Deploy.0 = Release|Any CPU
		{34DC97FD-1DC7-440E-B1FF-481E82FB5685}.Release|iPhoneSimulator.ActiveCfg = Release|Any CPU
		{34DC97FD-1DC7-440E-B1FF-481E82FB5685}.Release|iPhoneSimulator.Build.0 = Release|Any CPU
		{34DC97FD-1DC7-440E-B1FF-481E82FB5685}.Release|iPhoneSimulator.Deploy.0 = Release|Any CPU
	EndGlobalSection
	GlobalSection(SolutionProperties) = preSolution
		HideSolutionNode = FALSE
	EndGlobalSection
	GlobalSection(ExtensibilityGlobals) = postSolution
		SolutionGuid = {064425BF-E73F-4213-9DB1-6ABF7018F560}
	EndGlobalSection
EndGlobal
